
Microsoft Visual Studio Solution File, Format Version 12.00
# Visual Studio Version 17
VisualStudioVersion = 17.10.34928.147
MinimumVisualStudioVersion = 10.0.40219.1
Project("{FAE04EC0-301F-11D3-BF4B-00C04F79EFBC}") = "Study", "Study\Study.csproj", "{EBA5DB09-504A-40EB-954D-37D42A68F1E8}"
EndProject
Global
	GlobalSection(SolutionConfigurationPlatforms) = preSolution
		Debug|Any CPU = Debug|Any CPU
		Release|Any CPU = Release|Any CPU
	EndGlobalSection
	GlobalSection(ProjectConfigurationPlatforms) = postSolution
		{EBA5DB09-504A-40EB-954D-37D42A68F1E8}.Debug|Any CPU.ActiveCfg = Debug|Any CPU
		{EBA5DB09-504A-40EB-954D-37D42A68F1E8}.Debug|Any CPU.Build.0 = Debug|Any CPU
		{EBA5DB09-504A-40EB-954D-37D42A68F1E8}.Release|Any CPU.ActiveCfg = Release|Any CPU
		{EBA5DB09-504A-40EB-954D-37D42A68F1E8}.Release|Any CPU.Build.0 = Release|Any CPU
	EndGlobalSection
	GlobalSection(SolutionProperties) = preSolution
		HideSolutionNode = FALSE
	EndGlobalSection
	GlobalSection(ExtensibilityGlobals) = postSolution
		SolutionGuid = {A6DA1A31-349B-4456-8C48-CE02EB796A58}
	EndGlobalSection
EndGlobal
